
Microsoft Visual Studio Solution File, Format Version 12.00
# Visual Studio 14
VisualStudioVersion = 14.0.23107.0
MinimumVisualStudioVersion = 10.0.40219.1
Project("{FAE04EC0-301F-11D3-BF4B-00C04F79EFBC}") = "Sharp Profiler", "Sharp Profiler.csproj", "{FD6B95FA-5110-4369-BEF4-F6CD64149AA8}"
EndProject
Global
	GlobalSection(SolutionConfigurationPlatforms) = preSolution
		Debug|Any CPU = Debug|Any CPU
		Debug|x86 = Debug|x86
		Release|Any CPU = Release|Any CPU
		Release|x86 = Release|x86
	EndGlobalSection
	GlobalSection(ProjectConfigurationPlatforms) = postSolution
		{FD6B95FA-5110-4369-BEF4-F6CD64149AA8}.Debug|Any CPU.ActiveCfg = Debug|Any CPU
		{FD6B95FA-5110-4369-BEF4-F6CD64149AA8}.Debug|Any CPU.Build.0 = Debug|Any CPU
		{FD6B95FA-5110-4369-BEF4-F6CD64149AA8}.Debug|x86.ActiveCfg = Debug|x86
		{FD6B95FA-5110-4369-BEF4-F6CD64149AA8}.Debug|x86.Build.0 = Debug|x86
		{FD6B95FA-5110-4369-BEF4-F6CD64149AA8}.Release|Any CPU.ActiveCfg = Release|Any CPU
		{FD6B95FA-5110-4369-BEF4-F6CD64149AA8}.Release|Any CPU.Build.0 = Release|Any CPU
		{FD6B95FA-5110-4369-BEF4-F6CD64149AA8}.Release|x86.ActiveCfg = Release|x86
		{FD6B95FA-5110-4369-BEF4-F6CD64149AA8}.Release|x86.Build.0 = Release|x86
	EndGlobalSection
	GlobalSection(SolutionProperties) = preSolution
		HideSolutionNode = FALSE
	EndGlobalSection
EndGlobal
